
Microsoft Visual Studio Solution File, Format Version 12.00
# Visual Studio 15
VisualStudioVersion = 15.0.28010.2048
MinimumVisualStudioVersion = 10.0.40219.1
Project("{FAE04EC0-301F-11D3-BF4B-00C04F79EFBC}") = "proyectoSM", "proyectoSM\proyectoSM.csproj", "{0EBD0613-F3FF-410A-9ABD-970F96164958}"
EndProject
Global
	GlobalSection(SolutionConfigurationPlatforms) = preSolution
		Debug|Any CPU = Debug|Any CPU
		Release|Any CPU = Release|Any CPU
	EndGlobalSection
	GlobalSection(ProjectConfigurationPlatforms) = postSolution
		{0EBD0613-F3FF-410A-9ABD-970F96164958}.Debug|Any CPU.ActiveCfg = Debug|Any CPU
		{0EBD0613-F3FF-410A-9ABD-970F96164958}.Debug|Any CPU.Build.0 = Debug|Any CPU
		{0EBD0613-F3FF-410A-9ABD-970F96164958}.Release|Any CPU.ActiveCfg = Release|Any CPU
		{0EBD0613-F3FF-410A-9ABD-970F96164958}.Release|Any CPU.Build.0 = Release|Any CPU
	EndGlobalSection
	GlobalSection(SolutionProperties) = preSolution
		HideSolutionNode = FALSE
	EndGlobalSection
	GlobalSection(ExtensibilityGlobals) = postSolution
		SolutionGuid = {22DD3554-6E0F-4512-A20F-376217EE2A77}
	EndGlobalSection
EndGlobal
